
Microsoft Visual Studio Solution File, Format Version 12.00
# Visual Studio Version 17
VisualStudioVersion = 17.9.34714.143
MinimumVisualStudioVersion = 10.0.40219.1
Project("{8BC9CEB8-8B4A-11D0-8D11-00A0C91BC942}") = "7_7", "7_7\7_7.vcxproj", "{FFDF427F-988F-494E-8FB6-2A861EC66EAD}"
EndProject
Global
	GlobalSection(SolutionConfigurationPlatforms) = preSolution
		Debug|x64 = Debug|x64
		Debug|x86 = Debug|x86
		Release|x64 = Release|x64
		Release|x86 = Release|x86
	EndGlobalSection
	GlobalSection(ProjectConfigurationPlatforms) = postSolution
		{FFDF427F-988F-494E-8FB6-2A861EC66EAD}.Debug|x64.ActiveCfg = Debug|x64
		{FFDF427F-988F-494E-8FB6-2A861EC66EAD}.Debug|x64.Build.0 = Debug|x64
		{FFDF427F-988F-494E-8FB6-2A861EC66EAD}.Debug|x86.ActiveCfg = Debug|Win32
		{FFDF427F-988F-494E-8FB6-2A861EC66EAD}.Debug|x86.Build.0 = Debug|Win32
		{FFDF427F-988F-494E-8FB6-2A861EC66EAD}.Release|x64.ActiveCfg = Release|x64
		{FFDF427F-988F-494E-8FB6-2A861EC66EAD}.Release|x64.Build.0 = Release|x64
		{FFDF427F-988F-494E-8FB6-2A861EC66EAD}.Release|x86.ActiveCfg = Release|Win32
		{FFDF427F-988F-494E-8FB6-2A861EC66EAD}.Release|x86.Build.0 = Release|Win32
	EndGlobalSection
	GlobalSection(SolutionProperties) = preSolution
		HideSolutionNode = FALSE
	EndGlobalSection
	GlobalSection(ExtensibilityGlobals) = postSolution
		SolutionGuid = {9B086A31-1604-4FBC-88CF-B3978564E126}
	EndGlobalSection
EndGlobal
